// !$*UTF8*$!
{
	archiveVersion = 1;
	classes = {
	};
	objectVersion = 50;
	objects = {

/* Begin PBXBuildFile section */
		A16D7B02212532D0007A8DEF /* AppDelegate.swift in Sources */ = {isa = PBXBuildFile; fileRef = A16D7B01212532D0007A8DEF /* AppDelegate.swift */; };
		A16D7B04212532D0007A8DEF /* ViewController.swift in Sources */ = {isa = PBXBuildFile; fileRef = A16D7B03212532D0007A8DEF /* ViewController.swift */; };
		A16D7B09212532D2007A8DEF /* Assets.xcassets in Resources */ = {isa = PBXBuildFile; fileRef = A16D7B08212532D2007A8DEF /* Assets.xcassets */; };
		A16D7B0C212532D2007A8DEF /* LaunchScreen.storyboard in Resources */ = {isa = PBXBuildFile; fileRef = A16D7B0A212532D2007A8DEF /* LaunchScreen.storyboard */; };
		A16D7B14212546BB007A8DEF /* CellNode.swift in Sources */ = {isa = PBXBuildFile; fileRef = A16D7B13212546BB007A8DEF /* CellNode.swift */; };
		A16D7B16212548F7007A8DEF /* Manga.swift in Sources */ = {isa = PBXBuildFile; fileRef = A16D7B15212548F7007A8DEF /* Manga.swift */; };
		A16D7B1821254A50007A8DEF /* APIService.swift in Sources */ = {isa = PBXBuildFile; fileRef = A16D7B1721254A50007A8DEF /* APIService.swift */; };
		DA4ADB9F64843C70605F7E6B /* Pods_TopMangas.framework in Frameworks */ = {isa = PBXBuildFile; fileRef = 57AB1F5D326C9CF3E578A0B3 /* Pods_TopMangas.framework */; };
/* End PBXBuildFile section */

/* Begin PBXFileReference section */
		57AB1F5D326C9CF3E578A0B3 /* Pods_TopMangas.framework */ = {isa = PBXFileReference; explicitFileType = wrapper.framework; includeInIndex = 0; path = Pods_TopMangas.framework; sourceTree = BUILT_PRODUCTS_DIR; };
		A16D7AFE212532D0007A8DEF /* TopMangas.app */ = {isa = PBXFileReference; explicitFileType = wrapper.application; includeInIndex = 0; path = TopMangas.app; sourceTree = BUILT_PRODUCTS_DIR; };
		A16D7B01212532D0007A8DEF /* AppDelegate.swift */ = {isa = PBXFileReference; lastKnownFileType = sourcecode.swift; path = AppDelegate.swift; sourceTree = "<group>"; };
		A16D7B03212532D0007A8DEF /* ViewController.swift */ = {isa = PBXFileReference; lastKnownFileType = sourcecode.swift; path = ViewController.swift; sourceTree = "<group>"; };
		A16D7B08212532D2007A8DEF /* Assets.xcassets */ = {isa = PBXFileReference; lastKnownFileType = folder.assetcatalog; path = Assets.xcassets; sourceTree = "<group>"; };
		A16D7B0B212532D2007A8DEF /* Base */ = {isa = PBXFileReference; lastKnownFileType = file.storyboard; name = Base; path = Base.lproj/LaunchScreen.storyboard; sourceTree = "<group>"; };
		A16D7B0D212532D2007A8DEF /* Info.plist */ = {isa = PBXFileReference; lastKnownFileType = text.plist.xml; path = Info.plist; sourceTree = "<group>"; };
		A16D7B13212546BB007A8DEF /* CellNode.swift */ = {isa = PBXFileReference; lastKnownFileType = sourcecode.swift; path = CellNode.swift; sourceTree = "<group>"; };
		A16D7B15212548F7007A8DEF /* Manga.swift */ = {isa = PBXFileReference; lastKnownFileType = sourcecode.swift; path = Manga.swift; sourceTree = "<group>"; };
		A16D7B1721254A50007A8DEF /* APIService.swift */ = {isa = PBXFileReference; lastKnownFileType = sourcecode.swift; path = APIService.swift; sourceTree = "<group>"; };
		B17FB61CBF0D75DAE1510649 /* Pods-TopMangas.release.xcconfig */ = {isa = PBXFileReference; includeInIndex = 1; lastKnownFileType = text.xcconfig; name = "Pods-TopMangas.release.xcconfig"; path = "Pods/Target Support Files/Pods-TopMangas/Pods-TopMangas.release.xcconfig"; sourceTree = "<group>"; };
		F2BB6702442EA44C61E679CB /* Pods-TopMangas.debug.xcconfig */ = {isa = PBXFileReference; includeInIndex = 1; lastKnownFileType = text.xcconfig; name = "Pods-TopMangas.debug.xcconfig"; path = "Pods/Target Support Files/Pods-TopMangas/Pods-TopMangas.debug.xcconfig"; sourceTree = "<group>"; };
/* End PBXFileReference section */

/* Begin PBXFrameworksBuildPhase section */
		A16D7AFB212532D0007A8DEF /* Frameworks */ = {
			isa = PBXFrameworksBuildPhase;
			buildActionMask = 2147483647;
			files = (
				DA4ADB9F64843C70605F7E6B /* Pods_TopMangas.framework in Frameworks */,
			);
			runOnlyForDeploymentPostprocessing = 0;
		};
/* End PBXFrameworksBuildPhase section */

/* Begin PBXGroup section */
		3715E6DF20AC78BA1EB21102 /* Pods */ = {
			isa = PBXGroup;
			children = (
				F2BB6702442EA44C61E679CB /* Pods-TopMangas.debug.xcconfig */,
				B17FB61CBF0D75DAE1510649 /* Pods-TopMangas.release.xcconfig */,
			);
			name = Pods;
			sourceTree = "<group>";
		};
		95B90EFC8BD9F7B12C970C32 /* Frameworks */ = {
			isa = PBXGroup;
			children = (
				57AB1F5D326C9CF3E578A0B3 /* Pods_TopMangas.framework */,
			);
			name = Frameworks;
			sourceTree = "<group>";
		};
		A16D7AF5212532D0007A8DEF = {
			isa = PBXGroup;
			children = (
				A16D7B00212532D0007A8DEF /* TopMangas */,
				A16D7AFF212532D0007A8DEF /* Products */,
				3715E6DF20AC78BA1EB21102 /* Pods */,
				95B90EFC8BD9F7B12C970C32 /* Frameworks */,
			);
			sourceTree = "<group>";
		};
		A16D7AFF212532D0007A8DEF /* Products */ = {
			isa = PBXGroup;
			children = (
				A16D7AFE212532D0007A8DEF /* TopMangas.app */,
			);
			name = Products;
			sourceTree = "<group>";
		};
		A16D7B00212532D0007A8DEF /* TopMangas */ = {
			isa = PBXGroup;
			children = (
				A16D7B01212532D0007A8DEF /* AppDelegate.swift */,
				A16D7B03212532D0007A8DEF /* ViewController.swift */,
				A16D7B13212546BB007A8DEF /* CellNode.swift */,
				A16D7B15212548F7007A8DEF /* Manga.swift */,
				A16D7B1721254A50007A8DEF /* APIService.swift */,
				A16D7B08212532D2007A8DEF /* Assets.xcassets */,
				A16D7B0A212532D2007A8DEF /* LaunchScreen.storyboard */,
				A16D7B0D212532D2007A8DEF /* Info.plist */,
			);
			path = TopMangas;
			sourceTree = "<group>";
		};
/* End PBXGroup section */

/* Begin PBXNativeTarget section */
		A16D7AFD212532D0007A8DEF /* TopMangas */ = {
			isa = PBXNativeTarget;
			buildConfigurationList = A16D7B10212532D2007A8DEF /* Build configuration list for PBXNativeTarget "TopMangas" */;
			buildPhases = (
				480DC6B6B2B4B5C82A99E99B /* [CP] Check Pods Manifest.lock */,
				A16D7AFA212532D0007A8DEF /* Sources */,
				A16D7AFB212532D0007A8DEF /* Frameworks */,
				A16D7AFC212532D0007A8DEF /* Resources */,
				23856A16C770CEBBC2BE0F97 /* [CP] Embed Pods Frameworks */,
			);
			buildRules = (
			);
			dependencies = (
			);
			name = TopMangas;
			productName = TopMangas;
			productReference = A16D7AFE212532D0007A8DEF /* TopMangas.app */;
			productType = "com.apple.product-type.application";
		};
/* End PBXNativeTarget section */

/* Begin PBXProject section */
		A16D7AF6212532D0007A8DEF /* Project object */ = {
			isa = PBXProject;
			attributes = {
				LastSwiftUpdateCheck = 0940;
				LastUpgradeCheck = 0940;
				ORGANIZATIONNAME = iamchiwon;
				TargetAttributes = {
					A16D7AFD212532D0007A8DEF = {
						CreatedOnToolsVersion = 9.4.1;
					};
				};
			};
			buildConfigurationList = A16D7AF9212532D0007A8DEF /* Build configuration list for PBXProject "TopMangas" */;
			compatibilityVersion = "Xcode 9.3";
			developmentRegion = en;
			hasScannedForEncodings = 0;
			knownRegions = (
				en,
				Base,
			);
			mainGroup = A16D7AF5212532D0007A8DEF;
			productRefGroup = A16D7AFF212532D0007A8DEF /* Products */;
			projectDirPath = "";
			projectRoot = "";
			targets = (
				A16D7AFD212532D0007A8DEF /* TopMangas */,
			);
		};
/* End PBXProject section */

/* Begin PBXResourcesBuildPhase section */
		A16D7AFC212532D0007A8DEF /* Resources */ = {
			isa = PBXResourcesBuildPhase;
			buildActionMask = 2147483647;
			files = (
				A16D7B0C212532D2007A8DEF /* LaunchScreen.storyboard in Resources */,
				A16D7B09212532D2007A8DEF /* Assets.xcassets in Resources */,
			);
			runOnlyForDeploymentPostprocessing = 0;
		};
/* End PBXResourcesBuildPhase section */

/* Begin PBXShellScriptBuildPhase section */
		23856A16C770CEBBC2BE0F97 /* [CP] Embed Pods Frameworks */ = {
			isa = PBXShellScriptBuildPhase;
			buildActionMask = 2147483647;
			files = (
			);
			inputPaths = (
				"${SRCROOT}/Pods/Target Support Files/Pods-TopMangas/Pods-TopMangas-frameworks.sh",
				"${BUILT_PRODUCTS_DIR}/PINCache/PINCache.framework",
				"${BUILT_PRODUCTS_DIR}/PINOperation/PINOperation.framework",
				"${BUILT_PRODUCTS_DIR}/PINRemoteImage/PINRemoteImage.framework",
				"${BUILT_PRODUCTS_DIR}/RxCocoa/RxCocoa.framework",
				"${BUILT_PRODUCTS_DIR}/RxSwift/RxSwift.framework",
				"${BUILT_PRODUCTS_DIR}/SwiftyJSON/SwiftyJSON.framework",
				"${BUILT_PRODUCTS_DIR}/Texture/AsyncDisplayKit.framework",
			);
			name = "[CP] Embed Pods Frameworks";
			outputPaths = (
				"${TARGET_BUILD_DIR}/${FRAMEWORKS_FOLDER_PATH}/PINCache.framework",
				"${TARGET_BUILD_DIR}/${FRAMEWORKS_FOLDER_PATH}/PINOperation.framework",
				"${TARGET_BUILD_DIR}/${FRAMEWORKS_FOLDER_PATH}/PINRemoteImage.framework",
				"${TARGET_BUILD_DIR}/${FRAMEWORKS_FOLDER_PATH}/RxCocoa.framework",
				"${TARGET_BUILD_DIR}/${FRAMEWORKS_FOLDER_PATH}/RxSwift.framework",
				"${TARGET_BUILD_DIR}/${FRAMEWORKS_FOLDER_PATH}/SwiftyJSON.framework",
				"${TARGET_BUILD_DIR}/${FRAMEWORKS_FOLDER_PATH}/AsyncDisplayKit.framework",
			);
			runOnlyForDeploymentPostprocessing = 0;
			shellPath = /bin/sh;
			shellScript = "\"${SRCROOT}/Pods/Target Support Files/Pods-TopMangas/Pods-TopMangas-frameworks.sh\"\n";
			showEnvVarsInLog = 0;
		};
		480DC6B6B2B4B5C82A99E99B /* [CP] Check Pods Manifest.lock */ = {
			isa = PBXShellScriptBuildPhase;
			buildActionMask = 2147483647;
			files = (
			);
			inputPaths = (
				"${PODS_PODFILE_DIR_PATH}/Podfile.lock",
				"${PODS_ROOT}/Manifest.lock",
			);
			name = "[CP] Check Pods Manifest.lock";
			outputPaths = (
				"$(DERIVED_FILE_DIR)/Pods-TopMangas-checkManifestLockResult.txt",
			);
			runOnlyForDeploymentPostprocessing = 0;
			shellPath = /bin/sh;
			shellScript = "diff \"${PODS_PODFILE_DIR_PATH}/Podfile.lock\" \"${PODS_ROOT}/Manifest.lock\" > /dev/null\nif [ $? != 0 ] ; then\n    # print error to STDERR\n    echo \"error: The sandbox is not in sync with the Podfile.lock. Run 'pod install' or update your CocoaPods installation.\" >&2\n    exit 1\nfi\n# This output is used by Xcode 'outputs' to avoid re-running this script phase.\necho \"SUCCESS\" > \"${SCRIPT_OUTPUT_FILE_0}\"\n";
			showEnvVarsInLog = 0;
		};
/* End PBXShellScriptBuildPhase section */

/* Begin PBXSourcesBuildPhase section */
		A16D7AFA212532D0007A8DEF /* Sources */ = {
			isa = PBXSourcesBuildPhase;
			buildActionMask = 2147483647;
			files = (
				A16D7B04212532D0007A8DEF /* ViewController.swift in Sources */,
				A16D7B1821254A50007A8DEF /* APIService.swift in Sources */,
				A16D7B02212532D0007A8DEF /* AppDelegate.swift in Sources */,
				A16D7B16212548F7007A8DEF /* Manga.swift in Sources */,
				A16D7B14212546BB007A8DEF /* CellNode.swift in Sources */,
			);
			runOnlyForDeploymentPostprocessing = 0;
		};
/* End PBXSourcesBuildPhase section */

/* Begin PBXVariantGroup section */
		A16D7B0A212532D2007A8DEF /* LaunchScreen.storyboard */ = {
			isa = PBXVariantGroup;
			children = (
				A16D7B0B212532D2007A8DEF /* Base */,
			);
			name = LaunchScreen.storyboard;
			sourceTree = "<group>";
		};
/* End PBXVariantGroup section */

/* Begin XCBuildConfiguration section */
		A16D7B0E212532D2007A8DEF /* Debug */ = {
			isa = XCBuildConfiguration;
			buildSettings = {
				ALWAYS_SEARCH_USER_PATHS = NO;
				CLANG_ANALYZER_NONNULL = YES;
				CLANG_ANALYZER_NUMBER_OBJECT_CONVERSION = YES_AGGRESSIVE;
				CLANG_CXX_LANGUAGE_STANDARD = "gnu++14";
				CLANG_CXX_LIBRARY = "libc++";
				CLANG_ENABLE_MODULES = YES;
				CLANG_ENABLE_OBJC_ARC = YES;
				CLANG_ENABLE_OBJC_WEAK = YES;
				CLANG_WARN_BLOCK_CAPTURE_AUTORELEASING = YES;
				CLANG_WARN_BOOL_CONVERSION = YES;
				CLANG_WARN_COMMA = YES;
				CLANG_WARN_CONSTANT_CONVERSION = YES;
				CLANG_WARN_DEPRECATED_OBJC_IMPLEMENTATIONS = YES;
				CLANG_WARN_DIRECT_OBJC_ISA_USAGE = YES_ERROR;
				CLANG_WARN_DOCUMENTATION_COMMENTS = YES;
				CLANG_WARN_EMPTY_BODY = YES;
				CLANG_WARN_ENUM_CONVERSION = YES;
				CLANG_WARN_INFINITE_RECURSION = YES;
				CLANG_WARN_INT_CONVERSION = YES;
				CLANG_WARN_NON_LITERAL_NULL_CONVERSION = YES;
				CLANG_WARN_OBJC_IMPLICIT_RETAIN_SELF = YES;
				CLANG_WARN_OBJC_LITERAL_CONVERSION = YES;
				CLANG_WARN_OBJC_ROOT_CLASS = YES_ERROR;
				CLANG_WARN_RANGE_LOOP_ANALYSIS = YES;
				CLANG_WARN_STRICT_PROTOTYPES = YES;
				CLANG_WARN_SUSPICIOUS_MOVE = YES;
				CLANG_WARN_UNGUARDED_AVAILABILITY = YES_AGGRESSIVE;
				CLANG_WARN_UNREACHABLE_CODE = YES;
				CLANG_WARN__DUPLICATE_METHOD_MATCH = YES;
				CODE_SIGN_IDENTITY = "iPhone Developer";
				COPY_PHASE_STRIP = NO;
				DEBUG_INFORMATION_FORMAT = dwarf;
				ENABLE_STRICT_OBJC_MSGSEND = YES;
				ENABLE_TESTABILITY = YES;
				GCC_C_LANGUAGE_STANDARD = gnu11;
				GCC_DYNAMIC_NO_PIC = NO;
				GCC_NO_COMMON_BLOCKS = YES;
				GCC_OPTIMIZATION_LEVEL = 0;
				GCC_PREPROCESSOR_DEFINITIONS = (
					"DEBUG=1",
					"$(inherited)",
				);
				GCC_WARN_64_TO_32_BIT_CONVERSION = YES;
				GCC_WARN_ABOUT_RETURN_TYPE = YES_ERROR;
				GCC_WARN_UNDECLARED_SELECTOR = YES;
				GCC_WARN_UNINITIALIZED_AUTOS = YES_AGGRESSIVE;
				GCC_WARN_UNUSED_FUNCTION = YES;
				GCC_WARN_UNUSED_VARIABLE = YES;
				IPHONEOS_DEPLOYMENT_TARGET = 11.4;
				MTL_ENABLE_DEBUG_INFO = YES;
				ONLY_ACTIVE_ARCH = YES;
				SDKROOT = iphoneos;
				SWIFT_ACTIVE_COMPILATION_CONDITIONS = DEBUG;
				SWIFT_OPTIMIZATION_LEVEL = "-Onone";
			};
			name = Debug;
		};
		A16D7B0F212532D2007A8DEF /* Release */ = {
			isa = XCBuildConfiguration;
			buildSettings = {
				ALWAYS_SEARCH_USER_PATHS = NO;
				CLANG_ANALYZER_NONNULL = YES;
				CLANG_ANALYZER_NUMBER_OBJECT_CONVERSION = YES_AGGRESSIVE;
				CLANG_CXX_LANGUAGE_STANDARD = "gnu++14";
				CLANG_CXX_LIBRARY = "libc++";
				CLANG_ENABLE_MODULES = YES;
				CLANG_ENABLE_OBJC_ARC = YES;
				CLANG_ENABLE_OBJC_WEAK = YES;
				CLANG_WARN_BLOCK_CAPTURE_AUTORELEASING = YES;
				CLANG_WARN_BOOL_CONVERSION = YES;
				CLANG_WARN_COMMA = YES;
				CLANG_WARN_CONSTANT_CONVERSION = YES;
				CLANG_WARN_DEPRECATED_OBJC_IMPLEMENTATIONS = YES;
				CLANG_WARN_DIRECT_OBJC_ISA_USAGE = YES_ERROR;
				CLANG_WARN_DOCUMENTATION_COMMENTS = YES;
				CLANG_WARN_EMPTY_BODY = YES;
				CLANG_WARN_ENUM_CONVERSION = YES;
				CLANG_WARN_INFINITE_RECURSION = YES;
				CLANG_WARN_INT_CONVERSION = YES;
				CLANG_WARN_NON_LITERAL_NULL_CONVERSION = YES;
				CLANG_WARN_OBJC_IMPLICIT_RETAIN_SELF = YES;
				CLANG_WARN_OBJC_LITERAL_CONVERSION = YES;
				CLANG_WARN_OBJC_ROOT_CLASS = YES_ERROR;
				CLANG_WARN_RANGE_LOOP_ANALYSIS = YES;
				CLANG_WARN_STRICT_PROTOTYPES = YES;
				CLANG_WARN_SUSPICIOUS_MOVE = YES;
				CLANG_WARN_UNGUARDED_AVAILABILITY = YES_AGGRESSIVE;
				CLANG_WARN_UNREACHABLE_CODE = YES;
				CLANG_WARN__DUPLICATE_METHOD_MATCH = YES;
				CODE_SIGN_IDENTITY = "iPhone Developer";
				COPY_PHASE_STRIP = NO;
				DEBUG_INFORMATION_FORMAT = "dwarf-with-dsym";
				ENABLE_NS_ASSERTIONS = NO;
				ENABLE_STRICT_OBJC_MSGSEND = YES;
				GCC_C_LANGUAGE_STANDARD = gnu11;
				GCC_NO_COMMON_BLOCKS = YES;
				GCC_WARN_64_TO_32_BIT_CONVERSION = YES;
				GCC_WARN_ABOUT_RETURN_TYPE = YES_ERROR;
				GCC_WARN_UNDECLARED_SELECTOR = YES;
				GCC_WARN_UNINITIALIZED_AUTOS = YES_AGGRESSIVE;
				GCC_WARN_UNUSED_FUNCTION = YES;
				GCC_WARN_UNUSED_VARIABLE = YES;
				IPHONEOS_DEPLOYMENT_TARGET = 11.4;
				MTL_ENABLE_DEBUG_INFO = NO;
				SDKROOT = iphoneos;
				SWIFT_COMPILATION_MODE = wholemodule;
				SWIFT_OPTIMIZATION_LEVEL = "-O";
				VALIDATE_PRODUCT = YES;
			};
			name = Release;
		};
		A16D7B11212532D2007A8DEF /* Debug */ = {
			isa = XCBuildConfiguration;
			baseConfigurationReference = F2BB6702442EA44C61E679CB /* Pods-TopMangas.debug.xcconfig */;
			buildSettings = {
				ASSETCATALOG_COMPILER_APPICON_NAME = AppIcon;
				CODE_SIGN_STYLE = Automatic;
				DEVELOPMENT_TEAM = 77YZ9248DM;
				INFOPLIST_FILE = TopMangas/Info.plist;
				LD_RUNPATH_SEARCH_PATHS = (
					"$(inherited)",
					"@executable_path/Frameworks",
				);
				PRODUCT_BUNDLE_IDENTIFIER = com.iamchiwon.app.TopMangas;
				PRODUCT_NAME = "$(TARGET_NAME)";
				SWIFT_VERSION = 4.0;
				TARGETED_DEVICE_FAMILY = "1,2";
			};
			name = Debug;
		};
		A16D7B12212532D2007A8DEF /* Release */ = {
			isa = XCBuildConfiguration;
			baseConfigurationReference = B17FB61CBF0D75DAE1510649 /* Pods-TopMangas.release.xcconfig */;
			buildSettings = {
				ASSETCATALOG_COMPILER_APPICON_NAME = AppIcon;
				CODE_SIGN_STYLE = Automatic;
				DEVELOPMENT_TEAM = 77YZ9248DM;
				INFOPLIST_FILE = TopMangas/Info.plist;
				LD_RUNPATH_SEARCH_PATHS = (
					"$(inherited)",
					"@executable_path/Frameworks",
				);
				PRODUCT_BUNDLE_IDENTIFIER = com.iamchiwon.app.TopMangas;
				PRODUCT_NAME = "$(TARGET_NAME)";
				SWIFT_VERSION = 4.0;
				TARGETED_DEVICE_FAMILY = "1,2";
			};
			name = Release;
		};
/* End XCBuildConfiguration section */

/* Begin XCConfigurationList section */
		A16D7AF9212532D0007A8DEF /* Build configuration list for PBXProject "TopMangas" */ = {
			isa = XCConfigurationList;
			buildConfigurations = (
				A16D7B0E212532D2007A8DEF /* Debug */,
				A16D7B0F212532D2007A8DEF /* Release */,
			);
			defaultConfigurationIsVisible = 0;
			defaultConfigurationName = Release;
		};
		A16D7B10212532D2007A8DEF /* Build configuration list for PBXNativeTarget "TopMangas" */ = {
			isa = XCConfigurationList;
			buildConfigurations = (
				A16D7B11212532D2007A8DEF /* Debug */,
				A16D7B12212532D2007A8DEF /* Release */,
			);
			defaultConfigurationIsVisible = 0;
			defaultConfigurationName = Release;
		};
/* End XCConfigurationList section */
	};
	rootObject = A16D7AF6212532D0007A8DEF /* Project object */;
}
